
Microsoft Visual Studio Solution File, Format Version 11.00
# Visual Studio 2010
Project("{E24C65DC-7377-472B-9ABA-BC803B73C61A}") = "New Folder", "New Folder\", "{599A1AE5-98A6-4DBA-8196-D994497BF0D8}"
	ProjectSection(WebsiteProperties) = preProject
		TargetFrameworkMoniker = ".NETFramework,Version%3Dv4.0"
		Debug.AspNetCompiler.VirtualPath = "/New Folder"
		Debug.AspNetCompiler.PhysicalPath = "New Folder\"
		Debug.AspNetCompiler.TargetPath = "PrecompiledWeb\New Folder\"
		Debug.AspNetCompiler.Updateable = "true"
		Debug.AspNetCompiler.ForceOverwrite = "true"
		Debug.AspNetCompiler.FixedNames = "false"
		Debug.AspNetCompiler.Debug = "True"
		Release.AspNetCompiler.VirtualPath = "/New Folder"
		Release.AspNetCompiler.PhysicalPath = "New Folder\"
		Release.AspNetCompiler.TargetPath = "PrecompiledWeb\New Folder\"
		Release.AspNetCompiler.Updateable = "true"
		Release.AspNetCompiler.ForceOverwrite = "true"
		Release.AspNetCompiler.FixedNames = "false"
		Release.AspNetCompiler.Debug = "False"
		VWDPort = "49273"
	EndProjectSection
EndProject
Global
	GlobalSection(SolutionConfigurationPlatforms) = preSolution
		Debug|Any CPU = Debug|Any CPU
	EndGlobalSection
	GlobalSection(ProjectConfigurationPlatforms) = postSolution
		{599A1AE5-98A6-4DBA-8196-D994497BF0D8}.Debug|Any CPU.ActiveCfg = Debug|Any CPU
		{599A1AE5-98A6-4DBA-8196-D994497BF0D8}.Debug|Any CPU.Build.0 = Debug|Any CPU
	EndGlobalSection
	GlobalSection(SolutionProperties) = preSolution
		HideSolutionNode = FALSE
	EndGlobalSection
EndGlobal
